
Microsoft Visual Studio Solution File, Format Version 12.00
# Visual Studio 14
VisualStudioVersion = 14.0.25420.1
MinimumVisualStudioVersion = 10.0.40219.1
Project("{FAE04EC0-301F-11D3-BF4B-00C04F79EFBC}") = "CURS7", "CURS7\CURS7.csproj", "{74941257-54E6-4642-B907-0BD56A115A8E}"
EndProject
Project("{FAE04EC0-301F-11D3-BF4B-00C04F79EFBC}") = "CURS7.Tests", "CURS7.Tests\CURS7.Tests.csproj", "{F544C113-59B9-4CCF-ADF1-334051D02C6B}"
EndProject
Global
	GlobalSection(SolutionConfigurationPlatforms) = preSolution
		Debug|Any CPU = Debug|Any CPU
		Release|Any CPU = Release|Any CPU
	EndGlobalSection
	GlobalSection(ProjectConfigurationPlatforms) = postSolution
		{74941257-54E6-4642-B907-0BD56A115A8E}.Debug|Any CPU.ActiveCfg = Debug|Any CPU
		{74941257-54E6-4642-B907-0BD56A115A8E}.Debug|Any CPU.Build.0 = Debug|Any CPU
		{74941257-54E6-4642-B907-0BD56A115A8E}.Release|Any CPU.ActiveCfg = Release|Any CPU
		{74941257-54E6-4642-B907-0BD56A115A8E}.Release|Any CPU.Build.0 = Release|Any CPU
		{F544C113-59B9-4CCF-ADF1-334051D02C6B}.Debug|Any CPU.ActiveCfg = Debug|Any CPU
		{F544C113-59B9-4CCF-ADF1-334051D02C6B}.Debug|Any CPU.Build.0 = Debug|Any CPU
		{F544C113-59B9-4CCF-ADF1-334051D02C6B}.Release|Any CPU.ActiveCfg = Release|Any CPU
		{F544C113-59B9-4CCF-ADF1-334051D02C6B}.Release|Any CPU.Build.0 = Release|Any CPU
	EndGlobalSection
	GlobalSection(SolutionProperties) = preSolution
		HideSolutionNode = FALSE
	EndGlobalSection
EndGlobal
